
Microsoft Visual Studio Solution File, Format Version 12.00
# Visual Studio Version 16
VisualStudioVersion = 16.0.32510.428
MinimumVisualStudioVersion = 10.0.40219.1
Project("{FAE04EC0-301F-11D3-BF4B-00C04F79EFBC}") = "Test", "Test\Test.csproj", "{9FB67A06-8FA7-45D6-93BA-AA87A2BC921F}"
EndProject
Global
	GlobalSection(SolutionConfigurationPlatforms) = preSolution
		Debug|Any CPU = Debug|Any CPU
		Release|Any CPU = Release|Any CPU
	EndGlobalSection
	GlobalSection(ProjectConfigurationPlatforms) = postSolution
		{9FB67A06-8FA7-45D6-93BA-AA87A2BC921F}.Debug|Any CPU.ActiveCfg = Debug|Any CPU
		{9FB67A06-8FA7-45D6-93BA-AA87A2BC921F}.Debug|Any CPU.Build.0 = Debug|Any CPU
		{9FB67A06-8FA7-45D6-93BA-AA87A2BC921F}.Release|Any CPU.ActiveCfg = Release|Any CPU
		{9FB67A06-8FA7-45D6-93BA-AA87A2BC921F}.Release|Any CPU.Build.0 = Release|Any CPU
	EndGlobalSection
	GlobalSection(SolutionProperties) = preSolution
		HideSolutionNode = FALSE
	EndGlobalSection
	GlobalSection(ExtensibilityGlobals) = postSolution
		SolutionGuid = {326DE6D1-0A01-4F90-B4A7-AE9580813C39}
	EndGlobalSection
EndGlobal
